
Microsoft Visual Studio Solution File, Format Version 12.00
# Visual Studio Version 16
VisualStudioVersion = 16.0.30002.166
MinimumVisualStudioVersion = 10.0.40219.1
Project("{FAE04EC0-301F-11D3-BF4B-00C04F79EFBC}") = "FactoryDesignPattern", "FactoryDesignPattern\FactoryDesignPattern.csproj", "{9FC67384-FF02-4D2F-8F85-83F2FF97B6CA}"
EndProject
Project("{FAE04EC0-301F-11D3-BF4B-00C04F79EFBC}") = "AbstractFactoryDesignPatterns", "AbstractFactoryDesignPatterns\AbstractFactoryDesignPatterns.csproj", "{11B452F0-E815-4EA3-86D7-DD649C78EC57}"
EndProject
Global
	GlobalSection(SolutionConfigurationPlatforms) = preSolution
		Debug|Any CPU = Debug|Any CPU
		Release|Any CPU = Release|Any CPU
	EndGlobalSection
	GlobalSection(ProjectConfigurationPlatforms) = postSolution
		{9FC67384-FF02-4D2F-8F85-83F2FF97B6CA}.Debug|Any CPU.ActiveCfg = Debug|Any CPU
		{9FC67384-FF02-4D2F-8F85-83F2FF97B6CA}.Debug|Any CPU.Build.0 = Debug|Any CPU
		{9FC67384-FF02-4D2F-8F85-83F2FF97B6CA}.Release|Any CPU.ActiveCfg = Release|Any CPU
		{9FC67384-FF02-4D2F-8F85-83F2FF97B6CA}.Release|Any CPU.Build.0 = Release|Any CPU
		{11B452F0-E815-4EA3-86D7-DD649C78EC57}.Debug|Any CPU.ActiveCfg = Debug|Any CPU
		{11B452F0-E815-4EA3-86D7-DD649C78EC57}.Debug|Any CPU.Build.0 = Debug|Any CPU
		{11B452F0-E815-4EA3-86D7-DD649C78EC57}.Release|Any CPU.ActiveCfg = Release|Any CPU
		{11B452F0-E815-4EA3-86D7-DD649C78EC57}.Release|Any CPU.Build.0 = Release|Any CPU
	EndGlobalSection
	GlobalSection(SolutionProperties) = preSolution
		HideSolutionNode = FALSE
	EndGlobalSection
	GlobalSection(ExtensibilityGlobals) = postSolution
		SolutionGuid = {7F1C7030-198F-4C43-8E8B-701BE2F8DA5E}
	EndGlobalSection
EndGlobal
